
Microsoft Visual Studio Solution File, Format Version 12.00
# Visual Studio Version 17
VisualStudioVersion = 17.5.002.0
MinimumVisualStudioVersion = 10.0.40219.1
Project("{9A19103F-16F7-4668-BE54-9A1E7A4F7556}") = "CopyHyperlink", "CopyHyperlink.csproj", "{1ABEEB83-4754-4D16-981E-E83D434CF4EB}"
EndProject
Global
	GlobalSection(SolutionConfigurationPlatforms) = preSolution
		Debug|Any CPU = Debug|Any CPU
		Release|Any CPU = Release|Any CPU
	EndGlobalSection
	GlobalSection(ProjectConfigurationPlatforms) = postSolution
		{1ABEEB83-4754-4D16-981E-E83D434CF4EB}.Debug|Any CPU.ActiveCfg = Debug|Any CPU
		{1ABEEB83-4754-4D16-981E-E83D434CF4EB}.Debug|Any CPU.Build.0 = Debug|Any CPU
		{1ABEEB83-4754-4D16-981E-E83D434CF4EB}.Release|Any CPU.ActiveCfg = Release|Any CPU
		{1ABEEB83-4754-4D16-981E-E83D434CF4EB}.Release|Any CPU.Build.0 = Release|Any CPU
	EndGlobalSection
	GlobalSection(SolutionProperties) = preSolution
		HideSolutionNode = FALSE
	EndGlobalSection
	GlobalSection(ExtensibilityGlobals) = postSolution
		SolutionGuid = {EE2FC6AE-F87C-4538-85A0-1EF68F515C7C}
	EndGlobalSection
EndGlobal
